
Microsoft Visual Studio Solution File, Format Version 11.00
# Visual Studio 2010
Project("{FAE04EC0-301F-11D3-BF4B-00C04F79EFBC}") = "Clinica", "Clinica\Clinica.csproj", "{17D16529-F793-4FF5-AC49-8865648F6816}"
EndProject
Project("{FAE04EC0-301F-11D3-BF4B-00C04F79EFBC}") = "Entidad", "Entidad\Entidad.csproj", "{3F14C7B6-8A2C-4929-90B8-EA111D3586A7}"
EndProject
Project("{FAE04EC0-301F-11D3-BF4B-00C04F79EFBC}") = "Datos", "Datos\Datos.csproj", "{ACC70ECF-BED0-4B44-A6D8-1D355408E518}"
EndProject
Project("{FAE04EC0-301F-11D3-BF4B-00C04F79EFBC}") = "Negocio", "Negocio\Negocio.csproj", "{13C7C5A0-FBB1-42E9-9828-7CC7872259C1}"
EndProject
Global
	GlobalSection(SolutionConfigurationPlatforms) = preSolution
		Debug|Any CPU = Debug|Any CPU
		Release|Any CPU = Release|Any CPU
	EndGlobalSection
	GlobalSection(ProjectConfigurationPlatforms) = postSolution
		{17D16529-F793-4FF5-AC49-8865648F6816}.Debug|Any CPU.ActiveCfg = Debug|Any CPU
		{17D16529-F793-4FF5-AC49-8865648F6816}.Debug|Any CPU.Build.0 = Debug|Any CPU
		{17D16529-F793-4FF5-AC49-8865648F6816}.Release|Any CPU.ActiveCfg = Release|Any CPU
		{17D16529-F793-4FF5-AC49-8865648F6816}.Release|Any CPU.Build.0 = Release|Any CPU
		{3F14C7B6-8A2C-4929-90B8-EA111D3586A7}.Debug|Any CPU.ActiveCfg = Debug|Any CPU
		{3F14C7B6-8A2C-4929-90B8-EA111D3586A7}.Debug|Any CPU.Build.0 = Debug|Any CPU
		{3F14C7B6-8A2C-4929-90B8-EA111D3586A7}.Release|Any CPU.ActiveCfg = Release|Any CPU
		{3F14C7B6-8A2C-4929-90B8-EA111D3586A7}.Release|Any CPU.Build.0 = Release|Any CPU
		{ACC70ECF-BED0-4B44-A6D8-1D355408E518}.Debug|Any CPU.ActiveCfg = Debug|Any CPU
		{ACC70ECF-BED0-4B44-A6D8-1D355408E518}.Debug|Any CPU.Build.0 = Debug|Any CPU
		{ACC70ECF-BED0-4B44-A6D8-1D355408E518}.Release|Any CPU.ActiveCfg = Release|Any CPU
		{ACC70ECF-BED0-4B44-A6D8-1D355408E518}.Release|Any CPU.Build.0 = Release|Any CPU
		{13C7C5A0-FBB1-42E9-9828-7CC7872259C1}.Debug|Any CPU.ActiveCfg = Debug|Any CPU
		{13C7C5A0-FBB1-42E9-9828-7CC7872259C1}.Debug|Any CPU.Build.0 = Debug|Any CPU
		{13C7C5A0-FBB1-42E9-9828-7CC7872259C1}.Release|Any CPU.ActiveCfg = Release|Any CPU
		{13C7C5A0-FBB1-42E9-9828-7CC7872259C1}.Release|Any CPU.Build.0 = Release|Any CPU
	EndGlobalSection
	GlobalSection(SolutionProperties) = preSolution
		HideSolutionNode = FALSE
	EndGlobalSection
EndGlobal
